
Microsoft Visual Studio Solution File, Format Version 12.00
# Visual Studio Version 17
VisualStudioVersion = 17.14.36127.28 d17.14
MinimumVisualStudioVersion = 10.0.40219.1
Project("{FAE04EC0-301F-11D3-BF4B-00C04F79EFBC}") = "dimondStarprintpractics", "dimondStarprintpractics.csproj", "{388C0544-A8BE-4158-96BE-178CBFB2998A}"
EndProject
Global
	GlobalSection(SolutionConfigurationPlatforms) = preSolution
		Debug|Any CPU = Debug|Any CPU
		Release|Any CPU = Release|Any CPU
	EndGlobalSection
	GlobalSection(ProjectConfigurationPlatforms) = postSolution
		{388C0544-A8BE-4158-96BE-178CBFB2998A}.Debug|Any CPU.ActiveCfg = Debug|Any CPU
		{388C0544-A8BE-4158-96BE-178CBFB2998A}.Debug|Any CPU.Build.0 = Debug|Any CPU
		{388C0544-A8BE-4158-96BE-178CBFB2998A}.Release|Any CPU.ActiveCfg = Release|Any CPU
		{388C0544-A8BE-4158-96BE-178CBFB2998A}.Release|Any CPU.Build.0 = Release|Any CPU
	EndGlobalSection
	GlobalSection(SolutionProperties) = preSolution
		HideSolutionNode = FALSE
	EndGlobalSection
	GlobalSection(ExtensibilityGlobals) = postSolution
		SolutionGuid = {3EE38D59-E4CA-4ED0-8E2F-453012208081}
	EndGlobalSection
EndGlobal
